{
  "name": "dependabot-yarn-and-npm-test",
  "version": "1.0.0",
  "lockfileVersion": 2,
  "requires": true,
  "packages": {
    "": {
      "version": "1.0.0",
      "license": "ISC",
      "dependencies": {
        "marked": "^2.1.2"
      }
    },
    "node_modules/marked": {
      "version": "2.1.2",
      "resolved": "https://registry.npmjs.org/marked/-/marked-2.1.2.tgz",
      "integrity": "sha512-ueJhIvklJJw04qxQbGIAu63EXwwOCYc7yKMBjgagTM4rjC5QtWyqSNgW7jCosV1/Km/1TUfs5qEpAqcGG0Mo5g==",
      "bin": {
        "marked": "bin/marked"
      },
      "engines": {
        "node": ">= 10"
      }
    }
  },
  "dependencies": {
    "marked": {
      "version": "2.1.2",
      "resolved": "https://registry.npmjs.org/marked/-/marked-2.1.2.tgz",
      "integrity": "sha512-ueJhIvklJJw04qxQbGIAu63EXwwOCYc7yKMBjgagTM4rjC5QtWyqSNgW7jCosV1/Km/1TUfs5qEpAqcGG0Mo5g=="
    }
  }
}
