{
  "name": "dependabot-yarn-and-npm-test",
  "version": "1.0.0",
  "lockfileVersion": 2,
  "requires": true,
  "packages": {
    "": {
      "version": "1.0.0",
      "license": "ISC",
      "dependencies": {
        "marked": "^5.0.5"
      }
    },
    "node_modules/marked": {
      "version": "5.0.5",
      "resolved": "https://registry.npmjs.org/marked/-/marked-5.0.5.tgz",
      "integrity": "sha512-auTmKJTBwZM/GLVFOhmkY7pL8v/0DxiDaXRC2kEyajcNJ0XXn9NphLD0106dbWrbPwcyD4Y0Dus16OkCzUMkfg==",
      "bin": {
        "marked": "bin/marked.js"
      },
      "engines": {
        "node": ">= 18"
      }
    }
  },
  "dependencies": {
    "marked": {
      "version": "5.0.5",
      "resolved": "https://registry.npmjs.org/marked/-/marked-5.0.5.tgz",
      "integrity": "sha512-auTmKJTBwZM/GLVFOhmkY7pL8v/0DxiDaXRC2kEyajcNJ0XXn9NphLD0106dbWrbPwcyD4Y0Dus16OkCzUMkfg=="
    }
  }
}
