{
  "name": "dependabot-yarn-and-npm-test",
  "version": "1.0.0",
  "lockfileVersion": 2,
  "requires": true,
  "packages": {
    "": {
      "version": "1.0.0",
      "license": "ISC",
      "dependencies": {
        "marked": "^7.0.4"
      }
    },
    "node_modules/marked": {
      "version": "7.0.4",
      "resolved": "https://registry.npmjs.org/marked/-/marked-7.0.4.tgz",
      "integrity": "sha512-t8eP0dXRJMtMvBojtkcsA7n48BkauktUKzfkPSCq85ZMTJ0v76Rke4DYz01omYpPTUh4p/f7HePgRo3ebG8+QQ==",
      "bin": {
        "marked": "bin/marked.js"
      },
      "engines": {
        "node": ">= 16"
      }
    }
  },
  "dependencies": {
    "marked": {
      "version": "7.0.4",
      "resolved": "https://registry.npmjs.org/marked/-/marked-7.0.4.tgz",
      "integrity": "sha512-t8eP0dXRJMtMvBojtkcsA7n48BkauktUKzfkPSCq85ZMTJ0v76Rke4DYz01omYpPTUh4p/f7HePgRo3ebG8+QQ=="
    }
  }
}
