# THIS IS AN AUTOGENERATED FILE. DO NOT EDIT THIS FILE DIRECTLY.
# yarn lockfile v1


marked@^4.0.1:
  version "4.0.1"
  resolved "https://registry.yarnpkg.com/marked/-/marked-4.0.1.tgz#eaec1f18ab3d5a071697cebe45e0ae4b2216a8f5"
  integrity sha512-L90F6VQdYJSL1WVaIGCbNASAWnPCyB/jGmvQ/KIk0ThYq0XuzRrWxhwjcHoYvIZlQHKD/C/2i7DAADFPgxV7Tw==
