# THIS IS AN AUTOGENERATED FILE. DO NOT EDIT THIS FILE DIRECTLY.
# yarn lockfile v1


marked@^3.0.2:
  version "3.0.2"
  resolved "https://registry.yarnpkg.com/marked/-/marked-3.0.2.tgz#60ce97d6aec34dd882ab4bb4df82494666854e17"
  integrity sha512-TMJQQ79Z0e3rJYazY0tIoMsFzteUGw9fB3FD+gzuIT3zLuG9L9ckIvUfF51apdJkcqc208jJN2KbtPbOvXtbjA==
