# THIS IS AN AUTOGENERATED FILE. DO NOT EDIT THIS FILE DIRECTLY.
# yarn lockfile v1


marked@^7.0.0:
  version "7.0.0"
  resolved "https://registry.yarnpkg.com/marked/-/marked-7.0.0.tgz#5328f52c9197b93f1d3e3b49e0522afa5069c653"
  integrity sha512-7Gv1Ry8tqR352ElQOQfxdGpIh8kNZh/yYjNCxAQCN1DDbY4bCTG3qDCSkZWlRElSseeEILDxkY/G9w7cgziBNw==
